
Microsoft Visual Studio Solution File, Format Version 12.00
# Visual Studio Version 16
VisualStudioVersion = 16.0.32901.82
MinimumVisualStudioVersion = 10.0.40219.1
Project("{FAE04EC0-301F-11D3-BF4B-00C04F79EFBC}") = "DataBase (noção)", "DataBase (noção)\DataBase (noção).csproj", "{B5954BEF-2E9F-4037-8517-F393C0BABF65}"
EndProject
Global
	GlobalSection(SolutionConfigurationPlatforms) = preSolution
		Debug|Any CPU = Debug|Any CPU
		Release|Any CPU = Release|Any CPU
	EndGlobalSection
	GlobalSection(ProjectConfigurationPlatforms) = postSolution
		{B5954BEF-2E9F-4037-8517-F393C0BABF65}.Debug|Any CPU.ActiveCfg = Debug|Any CPU
		{B5954BEF-2E9F-4037-8517-F393C0BABF65}.Debug|Any CPU.Build.0 = Debug|Any CPU
		{B5954BEF-2E9F-4037-8517-F393C0BABF65}.Release|Any CPU.ActiveCfg = Release|Any CPU
		{B5954BEF-2E9F-4037-8517-F393C0BABF65}.Release|Any CPU.Build.0 = Release|Any CPU
	EndGlobalSection
	GlobalSection(SolutionProperties) = preSolution
		HideSolutionNode = FALSE
	EndGlobalSection
	GlobalSection(ExtensibilityGlobals) = postSolution
		SolutionGuid = {D8C16FC1-9689-4A32-B22F-EC699F45A78B}
	EndGlobalSection
EndGlobal
