
Microsoft Visual Studio Solution File, Format Version 12.00
# Visual Studio Version 16
VisualStudioVersion = 16.0.32929.386
MinimumVisualStudioVersion = 10.0.40219.1
Project("{FAE04EC0-301F-11D3-BF4B-00C04F79EFBC}") = "SistemaWebFrases", "SistemaWebFrases\SistemaWebFrases.csproj", "{D320116C-EAA1-4F19-825B-640DBF8A9AF5}"
EndProject
Global
	GlobalSection(SolutionConfigurationPlatforms) = preSolution
		Debug|Any CPU = Debug|Any CPU
		Release|Any CPU = Release|Any CPU
	EndGlobalSection
	GlobalSection(ProjectConfigurationPlatforms) = postSolution
		{D320116C-EAA1-4F19-825B-640DBF8A9AF5}.Debug|Any CPU.ActiveCfg = Debug|Any CPU
		{D320116C-EAA1-4F19-825B-640DBF8A9AF5}.Debug|Any CPU.Build.0 = Debug|Any CPU
		{D320116C-EAA1-4F19-825B-640DBF8A9AF5}.Release|Any CPU.ActiveCfg = Release|Any CPU
		{D320116C-EAA1-4F19-825B-640DBF8A9AF5}.Release|Any CPU.Build.0 = Release|Any CPU
	EndGlobalSection
	GlobalSection(SolutionProperties) = preSolution
		HideSolutionNode = FALSE
	EndGlobalSection
	GlobalSection(ExtensibilityGlobals) = postSolution
		SolutionGuid = {BF62DF09-33BE-4F43-BD3B-D5ED6423AB51}
	EndGlobalSection
EndGlobal
